// !$*UTF8*$!
{
	archiveVersion = 1;
	classes = {
	};
	objectVersion = 46;
	objects = {

/* Begin PBXBuildFile section */
		B6BBC6171C5E4C590068CC17 /* AppDelegate.swift in Sources */ = {isa = PBXBuildFile; fileRef = B6BBC6161C5E4C590068CC17 /* AppDelegate.swift */; };
		B6BBC6191C5E4C590068CC17 /* ViewController.swift in Sources */ = {isa = PBXBuildFile; fileRef = B6BBC6181C5E4C590068CC17 /* ViewController.swift */; };
		B6BBC61C1C5E4C590068CC17 /* Main.storyboard in Resources */ = {isa = PBXBuildFile; fileRef = B6BBC61A1C5E4C590068CC17 /* Main.storyboard */; };
		B6BBC61E1C5E4C590068CC17 /* Assets.xcassets in Resources */ = {isa = PBXBuildFile; fileRef = B6BBC61D1C5E4C590068CC17 /* Assets.xcassets */; };
		B6BBC6211C5E4C590068CC17 /* LaunchScreen.storyboard in Resources */ = {isa = PBXBuildFile; fileRef = B6BBC61F1C5E4C590068CC17 /* LaunchScreen.storyboard */; };
		B6BBC62B1C5E534D0068CC17 /* Books.xcdatamodeld in Sources */ = {isa = PBXBuildFile; fileRef = B6BBC6291C5E534D0068CC17 /* Books.xcdatamodeld */; };
		B6BBC64C1C5FA68C0068CC17 /* Author+CoreDataProperties.swift in Sources */ = {isa = PBXBuildFile; fileRef = B6BBC6481C5FA68C0068CC17 /* Author+CoreDataProperties.swift */; };
		B6BBC64D1C5FA68C0068CC17 /* Author.swift in Sources */ = {isa = PBXBuildFile; fileRef = B6BBC6491C5FA68C0068CC17 /* Author.swift */; };
		B6BBC64E1C5FA68C0068CC17 /* Book+CoreDataProperties.swift in Sources */ = {isa = PBXBuildFile; fileRef = B6BBC64A1C5FA68C0068CC17 /* Book+CoreDataProperties.swift */; };
		B6BBC64F1C5FA68C0068CC17 /* Book.swift in Sources */ = {isa = PBXBuildFile; fileRef = B6BBC64B1C5FA68C0068CC17 /* Book.swift */; };
		B6BBC6511C5FA9E70068CC17 /* CoreDataSafe.swift in Sources */ = {isa = PBXBuildFile; fileRef = B6BBC6501C5FA9E70068CC17 /* CoreDataSafe.swift */; };
		B6BBC6641C5FB0070068CC17 /* Book.swift in Sources */ = {isa = PBXBuildFile; fileRef = B6BBC6611C5FB0070068CC17 /* Book.swift */; };
		B6BBC6651C5FB0070068CC17 /* CoreDataTests.swift in Sources */ = {isa = PBXBuildFile; fileRef = B6BBC6621C5FB0070068CC17 /* CoreDataTests.swift */; };
		B6BBC6681C5FB6D60068CC17 /* TestModel.xcdatamodeld in Sources */ = {isa = PBXBuildFile; fileRef = B6BBC6661C5FB6D60068CC17 /* TestModel.xcdatamodeld */; };
/* End PBXBuildFile section */

/* Begin PBXContainerItemProxy section */
		B6BBC65B1C5FAFD00068CC17 /* PBXContainerItemProxy */ = {
			isa = PBXContainerItemProxy;
			containerPortal = B6BBC60B1C5E4C590068CC17 /* Project object */;
			proxyType = 1;
			remoteGlobalIDString = B6BBC6121C5E4C590068CC17;
			remoteInfo = CoreDataSafeExample;
		};
/* End PBXContainerItemProxy section */

/* Begin PBXFileReference section */
		B6BBC6131C5E4C590068CC17 /* CoreDataSafeExample.app */ = {isa = PBXFileReference; explicitFileType = wrapper.application; includeInIndex = 0; path = CoreDataSafeExample.app; sourceTree = BUILT_PRODUCTS_DIR; };
		B6BBC6161C5E4C590068CC17 /* AppDelegate.swift */ = {isa = PBXFileReference; lastKnownFileType = sourcecode.swift; path = AppDelegate.swift; sourceTree = "<group>"; };
		B6BBC6181C5E4C590068CC17 /* ViewController.swift */ = {isa = PBXFileReference; lastKnownFileType = sourcecode.swift; path = ViewController.swift; sourceTree = "<group>"; };
		B6BBC61B1C5E4C590068CC17 /* Base */ = {isa = PBXFileReference; lastKnownFileType = file.storyboard; name = Base; path = Base.lproj/Main.storyboard; sourceTree = "<group>"; };
		B6BBC61D1C5E4C590068CC17 /* Assets.xcassets */ = {isa = PBXFileReference; lastKnownFileType = folder.assetcatalog; path = Assets.xcassets; sourceTree = "<group>"; };
		B6BBC6201C5E4C590068CC17 /* Base */ = {isa = PBXFileReference; lastKnownFileType = file.storyboard; name = Base; path = Base.lproj/LaunchScreen.storyboard; sourceTree = "<group>"; };
		B6BBC6221C5E4C590068CC17 /* Info.plist */ = {isa = PBXFileReference; lastKnownFileType = text.plist.xml; path = Info.plist; sourceTree = "<group>"; };
		B6BBC62A1C5E534D0068CC17 /* Books.xcdatamodel */ = {isa = PBXFileReference; lastKnownFileType = wrapper.xcdatamodel; path = Books.xcdatamodel; sourceTree = "<group>"; };
		B6BBC6481C5FA68C0068CC17 /* Author+CoreDataProperties.swift */ = {isa = PBXFileReference; fileEncoding = 4; lastKnownFileType = sourcecode.swift; path = "Author+CoreDataProperties.swift"; sourceTree = "<group>"; };
		B6BBC6491C5FA68C0068CC17 /* Author.swift */ = {isa = PBXFileReference; fileEncoding = 4; lastKnownFileType = sourcecode.swift; path = Author.swift; sourceTree = "<group>"; };
		B6BBC64A1C5FA68C0068CC17 /* Book+CoreDataProperties.swift */ = {isa = PBXFileReference; fileEncoding = 4; lastKnownFileType = sourcecode.swift; path = "Book+CoreDataProperties.swift"; sourceTree = "<group>"; };
		B6BBC64B1C5FA68C0068CC17 /* Book.swift */ = {isa = PBXFileReference; fileEncoding = 4; lastKnownFileType = sourcecode.swift; path = Book.swift; sourceTree = "<group>"; };
		B6BBC6501C5FA9E70068CC17 /* CoreDataSafe.swift */ = {isa = PBXFileReference; fileEncoding = 4; lastKnownFileType = sourcecode.swift; path = CoreDataSafe.swift; sourceTree = "<group>"; };
		B6BBC6561C5FAFD00068CC17 /* CoreDataSafeTests.xctest */ = {isa = PBXFileReference; explicitFileType = wrapper.cfbundle; includeInIndex = 0; path = CoreDataSafeTests.xctest; sourceTree = BUILT_PRODUCTS_DIR; };
		B6BBC65A1C5FAFD00068CC17 /* Info.plist */ = {isa = PBXFileReference; lastKnownFileType = text.plist.xml; path = Info.plist; sourceTree = "<group>"; };
		B6BBC6611C5FB0070068CC17 /* Book.swift */ = {isa = PBXFileReference; fileEncoding = 4; lastKnownFileType = sourcecode.swift; path = Book.swift; sourceTree = "<group>"; };
		B6BBC6621C5FB0070068CC17 /* CoreDataTests.swift */ = {isa = PBXFileReference; fileEncoding = 4; lastKnownFileType = sourcecode.swift; path = CoreDataTests.swift; sourceTree = "<group>"; };
		B6BBC6671C5FB6D60068CC17 /* TestModel.xcdatamodel */ = {isa = PBXFileReference; lastKnownFileType = wrapper.xcdatamodel; path = TestModel.xcdatamodel; sourceTree = "<group>"; };
		B6BBC66D1C614D060068CC17 /* README.md */ = {isa = PBXFileReference; fileEncoding = 4; lastKnownFileType = net.daringfireball.markdown; path = README.md; sourceTree = "<group>"; };
/* End PBXFileReference section */

/* Begin PBXFrameworksBuildPhase section */
		B6BBC6101C5E4C590068CC17 /* Frameworks */ = {
			isa = PBXFrameworksBuildPhase;
			buildActionMask = 2147483647;
			files = (
			);
			runOnlyForDeploymentPostprocessing = 0;
		};
		B6BBC6531C5FAFD00068CC17 /* Frameworks */ = {
			isa = PBXFrameworksBuildPhase;
			buildActionMask = 2147483647;
			files = (
			);
			runOnlyForDeploymentPostprocessing = 0;
		};
/* End PBXFrameworksBuildPhase section */

/* Begin PBXGroup section */
		B6BBC60A1C5E4C590068CC17 = {
			isa = PBXGroup;
			children = (
				B6BBC66D1C614D060068CC17 /* README.md */,
				B6BBC6151C5E4C590068CC17 /* CoreDataSafeExample */,
				B6BBC6571C5FAFD00068CC17 /* CoreDataSafeTests */,
				B6BBC6141C5E4C590068CC17 /* Products */,
			);
			sourceTree = "<group>";
		};
		B6BBC6141C5E4C590068CC17 /* Products */ = {
			isa = PBXGroup;
			children = (
				B6BBC6131C5E4C590068CC17 /* CoreDataSafeExample.app */,
				B6BBC6561C5FAFD00068CC17 /* CoreDataSafeTests.xctest */,
			);
			name = Products;
			sourceTree = "<group>";
		};
		B6BBC6151C5E4C590068CC17 /* CoreDataSafeExample */ = {
			isa = PBXGroup;
			children = (
				B6BBC6281C5E50E40068CC17 /* Data */,
				B6BBC6161C5E4C590068CC17 /* AppDelegate.swift */,
				B6BBC6181C5E4C590068CC17 /* ViewController.swift */,
				B6BBC61A1C5E4C590068CC17 /* Main.storyboard */,
				B6BBC61D1C5E4C590068CC17 /* Assets.xcassets */,
				B6BBC61F1C5E4C590068CC17 /* LaunchScreen.storyboard */,
				B6BBC6221C5E4C590068CC17 /* Info.plist */,
			);
			path = CoreDataSafeExample;
			sourceTree = "<group>";
		};
		B6BBC6281C5E50E40068CC17 /* Data */ = {
			isa = PBXGroup;
			children = (
				B6BBC6481C5FA68C0068CC17 /* Author+CoreDataProperties.swift */,
				B6BBC6491C5FA68C0068CC17 /* Author.swift */,
				B6BBC64A1C5FA68C0068CC17 /* Book+CoreDataProperties.swift */,
				B6BBC64B1C5FA68C0068CC17 /* Book.swift */,
				B6BBC6291C5E534D0068CC17 /* Books.xcdatamodeld */,
				B6BBC6501C5FA9E70068CC17 /* CoreDataSafe.swift */,
			);
			path = Data;
			sourceTree = "<group>";
		};
		B6BBC6571C5FAFD00068CC17 /* CoreDataSafeTests */ = {
			isa = PBXGroup;
			children = (
				B6BBC6611C5FB0070068CC17 /* Book.swift */,
				B6BBC6621C5FB0070068CC17 /* CoreDataTests.swift */,
				B6BBC65A1C5FAFD00068CC17 /* Info.plist */,
				B6BBC6661C5FB6D60068CC17 /* TestModel.xcdatamodeld */,
			);
			path = CoreDataSafeTests;
			sourceTree = "<group>";
		};
/* End PBXGroup section */

/* Begin PBXNativeTarget section */
		B6BBC6121C5E4C590068CC17 /* CoreDataSafeExample */ = {
			isa = PBXNativeTarget;
			buildConfigurationList = B6BBC6251C5E4C590068CC17 /* Build configuration list for PBXNativeTarget "CoreDataSafeExample" */;
			buildPhases = (
				B6BBC60F1C5E4C590068CC17 /* Sources */,
				B6BBC6101C5E4C590068CC17 /* Frameworks */,
				B6BBC6111C5E4C590068CC17 /* Resources */,
			);
			buildRules = (
			);
			dependencies = (
			);
			name = CoreDataSafeExample;
			productName = CoreDataSafeExample;
			productReference = B6BBC6131C5E4C590068CC17 /* CoreDataSafeExample.app */;
			productType = "com.apple.product-type.application";
		};
		B6BBC6551C5FAFD00068CC17 /* CoreDataSafeTests */ = {
			isa = PBXNativeTarget;
			buildConfigurationList = B6BBC65D1C5FAFD00068CC17 /* Build configuration list for PBXNativeTarget "CoreDataSafeTests" */;
			buildPhases = (
				B6BBC6521C5FAFD00068CC17 /* Sources */,
				B6BBC6531C5FAFD00068CC17 /* Frameworks */,
				B6BBC6541C5FAFD00068CC17 /* Resources */,
			);
			buildRules = (
			);
			dependencies = (
				B6BBC65C1C5FAFD00068CC17 /* PBXTargetDependency */,
			);
			name = CoreDataSafeTests;
			productName = CoreDataSafeTests;
			productReference = B6BBC6561C5FAFD00068CC17 /* CoreDataSafeTests.xctest */;
			productType = "com.apple.product-type.bundle.unit-test";
		};
/* End PBXNativeTarget section */

/* Begin PBXProject section */
		B6BBC60B1C5E4C590068CC17 /* Project object */ = {
			isa = PBXProject;
			attributes = {
				LastSwiftUpdateCheck = 0720;
				LastUpgradeCheck = 0720;
				ORGANIZATIONNAME = "Eric Elfner";
				TargetAttributes = {
					B6BBC6121C5E4C590068CC17 = {
						CreatedOnToolsVersion = 7.2;
					};
					B6BBC6551C5FAFD00068CC17 = {
						CreatedOnToolsVersion = 7.2;
						TestTargetID = B6BBC6121C5E4C590068CC17;
					};
				};
			};
			buildConfigurationList = B6BBC60E1C5E4C590068CC17 /* Build configuration list for PBXProject "CoreDataSafeExample" */;
			compatibilityVersion = "Xcode 3.2";
			developmentRegion = English;
			hasScannedForEncodings = 0;
			knownRegions = (
				en,
				Base,
			);
			mainGroup = B6BBC60A1C5E4C590068CC17;
			productRefGroup = B6BBC6141C5E4C590068CC17 /* Products */;
			projectDirPath = "";
			projectRoot = "";
			targets = (
				B6BBC6121C5E4C590068CC17 /* CoreDataSafeExample */,
				B6BBC6551C5FAFD00068CC17 /* CoreDataSafeTests */,
			);
		};
/* End PBXProject section */

/* Begin PBXResourcesBuildPhase section */
		B6BBC6111C5E4C590068CC17 /* Resources */ = {
			isa = PBXResourcesBuildPhase;
			buildActionMask = 2147483647;
			files = (
				B6BBC6211C5E4C590068CC17 /* LaunchScreen.storyboard in Resources */,
				B6BBC61E1C5E4C590068CC17 /* Assets.xcassets in Resources */,
				B6BBC61C1C5E4C590068CC17 /* Main.storyboard in Resources */,
			);
			runOnlyForDeploymentPostprocessing = 0;
		};
		B6BBC6541C5FAFD00068CC17 /* Resources */ = {
			isa = PBXResourcesBuildPhase;
			buildActionMask = 2147483647;
			files = (
			);
			runOnlyForDeploymentPostprocessing = 0;
		};
/* End PBXResourcesBuildPhase section */

/* Begin PBXSourcesBuildPhase section */
		B6BBC60F1C5E4C590068CC17 /* Sources */ = {
			isa = PBXSourcesBuildPhase;
			buildActionMask = 2147483647;
			files = (
				B6BBC64C1C5FA68C0068CC17 /* Author+CoreDataProperties.swift in Sources */,
				B6BBC6191C5E4C590068CC17 /* ViewController.swift in Sources */,
				B6BBC64F1C5FA68C0068CC17 /* Book.swift in Sources */,
				B6BBC64E1C5FA68C0068CC17 /* Book+CoreDataProperties.swift in Sources */,
				B6BBC62B1C5E534D0068CC17 /* Books.xcdatamodeld in Sources */,
				B6BBC6171C5E4C590068CC17 /* AppDelegate.swift in Sources */,
				B6BBC64D1C5FA68C0068CC17 /* Author.swift in Sources */,
				B6BBC6511C5FA9E70068CC17 /* CoreDataSafe.swift in Sources */,
			);
			runOnlyForDeploymentPostprocessing = 0;
		};
		B6BBC6521C5FAFD00068CC17 /* Sources */ = {
			isa = PBXSourcesBuildPhase;
			buildActionMask = 2147483647;
			files = (
				B6BBC6681C5FB6D60068CC17 /* TestModel.xcdatamodeld in Sources */,
				B6BBC6651C5FB0070068CC17 /* CoreDataTests.swift in Sources */,
				B6BBC6641C5FB0070068CC17 /* Book.swift in Sources */,
			);
			runOnlyForDeploymentPostprocessing = 0;
		};
/* End PBXSourcesBuildPhase section */

/* Begin PBXTargetDependency section */
		B6BBC65C1C5FAFD00068CC17 /* PBXTargetDependency */ = {
			isa = PBXTargetDependency;
			target = B6BBC6121C5E4C590068CC17 /* CoreDataSafeExample */;
			targetProxy = B6BBC65B1C5FAFD00068CC17 /* PBXContainerItemProxy */;
		};
/* End PBXTargetDependency section */

/* Begin PBXVariantGroup section */
		B6BBC61A1C5E4C590068CC17 /* Main.storyboard */ = {
			isa = PBXVariantGroup;
			children = (
				B6BBC61B1C5E4C590068CC17 /* Base */,
			);
			name = Main.storyboard;
			sourceTree = "<group>";
		};
		B6BBC61F1C5E4C590068CC17 /* LaunchScreen.storyboard */ = {
			isa = PBXVariantGroup;
			children = (
				B6BBC6201C5E4C590068CC17 /* Base */,
			);
			name = LaunchScreen.storyboard;
			sourceTree = "<group>";
		};
/* End PBXVariantGroup section */

/* Begin XCBuildConfiguration section */
		B6BBC6231C5E4C590068CC17 /* Debug */ = {
			isa = XCBuildConfiguration;
			buildSettings = {
				ALWAYS_SEARCH_USER_PATHS = NO;
				CLANG_CXX_LANGUAGE_STANDARD = "gnu++0x";
				CLANG_CXX_LIBRARY = "libc++";
				CLANG_ENABLE_MODULES = YES;
				CLANG_ENABLE_OBJC_ARC = YES;
				CLANG_WARN_BOOL_CONVERSION = YES;
				CLANG_WARN_CONSTANT_CONVERSION = YES;
				CLANG_WARN_DIRECT_OBJC_ISA_USAGE = YES_ERROR;
				CLANG_WARN_EMPTY_BODY = YES;
				CLANG_WARN_ENUM_CONVERSION = YES;
				CLANG_WARN_INT_CONVERSION = YES;
				CLANG_WARN_OBJC_ROOT_CLASS = YES_ERROR;
				CLANG_WARN_UNREACHABLE_CODE = YES;
				CLANG_WARN__DUPLICATE_METHOD_MATCH = YES;
				"CODE_SIGN_IDENTITY[sdk=iphoneos*]" = "iPhone Developer";
				COPY_PHASE_STRIP = NO;
				DEBUG_INFORMATION_FORMAT = dwarf;
				ENABLE_STRICT_OBJC_MSGSEND = YES;
				ENABLE_TESTABILITY = YES;
				GCC_C_LANGUAGE_STANDARD = gnu99;
				GCC_DYNAMIC_NO_PIC = NO;
				GCC_NO_COMMON_BLOCKS = YES;
				GCC_OPTIMIZATION_LEVEL = 0;
				GCC_PREPROCESSOR_DEFINITIONS = (
					"DEBUG=1",
					"$(inherited)",
				);
				GCC_WARN_64_TO_32_BIT_CONVERSION = YES;
				GCC_WARN_ABOUT_RETURN_TYPE = YES_ERROR;
				GCC_WARN_UNDECLARED_SELECTOR = YES;
				GCC_WARN_UNINITIALIZED_AUTOS = YES_AGGRESSIVE;
				GCC_WARN_UNUSED_FUNCTION = YES;
				GCC_WARN_UNUSED_VARIABLE = YES;
				IPHONEOS_DEPLOYMENT_TARGET = 9.2;
				MTL_ENABLE_DEBUG_INFO = YES;
				ONLY_ACTIVE_ARCH = YES;
				SDKROOT = iphoneos;
				SWIFT_OPTIMIZATION_LEVEL = "-Onone";
				TARGETED_DEVICE_FAMILY = "1,2";
			};
			name = Debug;
		};
		B6BBC6241C5E4C590068CC17 /* Release */ = {
			isa = XCBuildConfiguration;
			buildSettings = {
				ALWAYS_SEARCH_USER_PATHS = NO;
				CLANG_CXX_LANGUAGE_STANDARD = "gnu++0x";
				CLANG_CXX_LIBRARY = "libc++";
				CLANG_ENABLE_MODULES = YES;
				CLANG_ENABLE_OBJC_ARC = YES;
				CLANG_WARN_BOOL_CONVERSION = YES;
				CLANG_WARN_CONSTANT_CONVERSION = YES;
				CLANG_WARN_DIRECT_OBJC_ISA_USAGE = YES_ERROR;
				CLANG_WARN_EMPTY_BODY = YES;
				CLANG_WARN_ENUM_CONVERSION = YES;
				CLANG_WARN_INT_CONVERSION = YES;
				CLANG_WARN_OBJC_ROOT_CLASS = YES_ERROR;
				CLANG_WARN_UNREACHABLE_CODE = YES;
				CLANG_WARN__DUPLICATE_METHOD_MATCH = YES;
				"CODE_SIGN_IDENTITY[sdk=iphoneos*]" = "iPhone Developer";
				COPY_PHASE_STRIP = NO;
				DEBUG_INFORMATION_FORMAT = "dwarf-with-dsym";
				ENABLE_NS_ASSERTIONS = NO;
				ENABLE_STRICT_OBJC_MSGSEND = YES;
				GCC_C_LANGUAGE_STANDARD = gnu99;
				GCC_NO_COMMON_BLOCKS = YES;
				GCC_WARN_64_TO_32_BIT_CONVERSION = YES;
				GCC_WARN_ABOUT_RETURN_TYPE = YES_ERROR;
				GCC_WARN_UNDECLARED_SELECTOR = YES;
				GCC_WARN_UNINITIALIZED_AUTOS = YES_AGGRESSIVE;
				GCC_WARN_UNUSED_FUNCTION = YES;
				GCC_WARN_UNUSED_VARIABLE = YES;
				IPHONEOS_DEPLOYMENT_TARGET = 9.2;
				MTL_ENABLE_DEBUG_INFO = NO;
				SDKROOT = iphoneos;
				TARGETED_DEVICE_FAMILY = "1,2";
				VALIDATE_PRODUCT = YES;
			};
			name = Release;
		};
		B6BBC6261C5E4C590068CC17 /* Debug */ = {
			isa = XCBuildConfiguration;
			buildSettings = {
				ASSETCATALOG_COMPILER_APPICON_NAME = AppIcon;
				INFOPLIST_FILE = CoreDataSafeExample/Info.plist;
				IPHONEOS_DEPLOYMENT_TARGET = 9.0;
				LD_RUNPATH_SEARCH_PATHS = "$(inherited) @executable_path/Frameworks";
				PRODUCT_BUNDLE_IDENTIFIER = com.zcage.CoreDataSafeExample;
				PRODUCT_NAME = "$(TARGET_NAME)";
			};
			name = Debug;
		};
		B6BBC6271C5E4C590068CC17 /* Release */ = {
			isa = XCBuildConfiguration;
			buildSettings = {
				ASSETCATALOG_COMPILER_APPICON_NAME = AppIcon;
				INFOPLIST_FILE = CoreDataSafeExample/Info.plist;
				IPHONEOS_DEPLOYMENT_TARGET = 9.0;
				LD_RUNPATH_SEARCH_PATHS = "$(inherited) @executable_path/Frameworks";
				PRODUCT_BUNDLE_IDENTIFIER = com.zcage.CoreDataSafeExample;
				PRODUCT_NAME = "$(TARGET_NAME)";
			};
			name = Release;
		};
		B6BBC65E1C5FAFD00068CC17 /* Debug */ = {
			isa = XCBuildConfiguration;
			buildSettings = {
				BUNDLE_LOADER = "$(TEST_HOST)";
				INFOPLIST_FILE = CoreDataSafeTests/Info.plist;
				LD_RUNPATH_SEARCH_PATHS = "$(inherited) @executable_path/Frameworks @loader_path/Frameworks";
				PRODUCT_BUNDLE_IDENTIFIER = com.zcage.CoreDataSafeTests;
				PRODUCT_NAME = "$(TARGET_NAME)";
				TEST_HOST = "$(BUILT_PRODUCTS_DIR)/CoreDataSafeExample.app/CoreDataSafeExample";
			};
			name = Debug;
		};
		B6BBC65F1C5FAFD00068CC17 /* Release */ = {
			isa = XCBuildConfiguration;
			buildSettings = {
				BUNDLE_LOADER = "$(TEST_HOST)";
				INFOPLIST_FILE = CoreDataSafeTests/Info.plist;
				LD_RUNPATH_SEARCH_PATHS = "$(inherited) @executable_path/Frameworks @loader_path/Frameworks";
				PRODUCT_BUNDLE_IDENTIFIER = com.zcage.CoreDataSafeTests;
				PRODUCT_NAME = "$(TARGET_NAME)";
				TEST_HOST = "$(BUILT_PRODUCTS_DIR)/CoreDataSafeExample.app/CoreDataSafeExample";
			};
			name = Release;
		};
/* End XCBuildConfiguration section */

/* Begin XCConfigurationList section */
		B6BBC60E1C5E4C590068CC17 /* Build configuration list for PBXProject "CoreDataSafeExample" */ = {
			isa = XCConfigurationList;
			buildConfigurations = (
				B6BBC6231C5E4C590068CC17 /* Debug */,
				B6BBC6241C5E4C590068CC17 /* Release */,
			);
			defaultConfigurationIsVisible = 0;
			defaultConfigurationName = Release;
		};
		B6BBC6251C5E4C590068CC17 /* Build configuration list for PBXNativeTarget "CoreDataSafeExample" */ = {
			isa = XCConfigurationList;
			buildConfigurations = (
				B6BBC6261C5E4C590068CC17 /* Debug */,
				B6BBC6271C5E4C590068CC17 /* Release */,
			);
			defaultConfigurationIsVisible = 0;
			defaultConfigurationName = Release;
		};
		B6BBC65D1C5FAFD00068CC17 /* Build configuration list for PBXNativeTarget "CoreDataSafeTests" */ = {
			isa = XCConfigurationList;
			buildConfigurations = (
				B6BBC65E1C5FAFD00068CC17 /* Debug */,
				B6BBC65F1C5FAFD00068CC17 /* Release */,
			);
			defaultConfigurationIsVisible = 0;
			defaultConfigurationName = Release;
		};
/* End XCConfigurationList section */

/* Begin XCVersionGroup section */
		B6BBC6291C5E534D0068CC17 /* Books.xcdatamodeld */ = {
			isa = XCVersionGroup;
			children = (
				B6BBC62A1C5E534D0068CC17 /* Books.xcdatamodel */,
			);
			currentVersion = B6BBC62A1C5E534D0068CC17 /* Books.xcdatamodel */;
			path = Books.xcdatamodeld;
			sourceTree = "<group>";
			versionGroupType = wrapper.xcdatamodel;
		};
		B6BBC6661C5FB6D60068CC17 /* TestModel.xcdatamodeld */ = {
			isa = XCVersionGroup;
			children = (
				B6BBC6671C5FB6D60068CC17 /* TestModel.xcdatamodel */,
			);
			currentVersion = B6BBC6671C5FB6D60068CC17 /* TestModel.xcdatamodel */;
			path = TestModel.xcdatamodeld;
			sourceTree = "<group>";
			versionGroupType = wrapper.xcdatamodel;
		};
/* End XCVersionGroup section */
	};
	rootObject = B6BBC60B1C5E4C590068CC17 /* Project object */;
}
